{
  "nodes": {
    "buttercup": {
      "flake": false,
      "locked": {
        "lastModified": 1754006498,
        "narHash": "sha256-uDNLdTJfNYVFJq6oFH/QqLWEvomrtID60QtFXvLUyCY=",
        "owner": "jorgenschaefer",
        "repo": "emacs-buttercup",
        "rev": "cc5a2ab7c7f18aaaf525fac61fe59bae5ad018dd",
        "type": "github"
      },
      "original": {
        "owner": "jorgenschaefer",
        "repo": "emacs-buttercup",
        "type": "github"
      }
    },
    "compat": {
      "flake": false,
      "locked": {
        "lastModified": 1762266421,
        "narHash": "sha256-xa/nV34mPTGvJGZaQU+8DPs3FaQl8FPsqlSLeg0ts7E=",
        "owner": "emacs-compat",
        "repo": "compat",
        "rev": "ad6a2b82f7bc2ea698b9684501963dfa71ffdc27",
        "type": "github"
      },
      "original": {
        "owner": "emacs-compat",
        "repo": "compat",
        "type": "github"
      }
    },
    "consult": {
      "flake": false,
      "locked": {
        "lastModified": 1766935005,
        "narHash": "sha256-aNwRvgfud/BnYlENnw0Y6vqV/5cqa7Jzl+Pd9uMn72k=",
        "owner": "minad",
        "repo": "consult",
        "rev": "e45184d15e473f842a5df81263d9d8c4b9df2f73",
        "type": "github"
      },
      "original": {
        "owner": "minad",
        "repo": "consult",
        "type": "github"
      }
    },
    "dash": {
      "flake": false,
      "locked": {
        "lastModified": 1760611661,
        "narHash": "sha256-DjUHlCKt1mX72ahkxZxHywyw5pcS1JSFB2Rr+gnIGlQ=",
        "owner": "magnars",
        "repo": "dash.el",
        "rev": "fb443e7a6e660ba849cafcd01021d9aac3ac6764",
        "type": "github"
      },
      "original": {
        "owner": "magnars",
        "repo": "dash.el",
        "type": "github"
      }
    },
    "doct": {
      "flake": false,
      "locked": {
        "lastModified": 1687459650,
        "narHash": "sha256-csuDGwrNL7I651rdwa7dtE7DlpXhnmyZvmVpA1U+cmQ=",
        "owner": "progfolio",
        "repo": "doct",
        "rev": "5cab660dab653ad88c07b0493360252f6ed1d898",
        "type": "github"
      },
      "original": {
        "owner": "progfolio",
        "repo": "doct",
        "type": "github"
      }
    },
    "embark": {
      "flake": false,
      "locked": {
        "lastModified": 1763428308,
        "narHash": "sha256-1Jhr72HF22494JbKgsHtbmvnGONJlsGxihtTX3XpxMI=",
        "owner": "oantolin",
        "repo": "embark",
        "rev": "7b3b2fa239c34c2e304eab4367a4f5924c047e2b",
        "type": "github"
      },
      "original": {
        "owner": "oantolin",
        "repo": "embark",
        "type": "github"
      }
    },
    "org-reverse-datetree": {
      "flake": false,
      "locked": {
        "lastModified": 1760939778,
        "narHash": "sha256-vo+48o6SsZBdD2LuRdVgeeRhPXLlbMd27mePbajFLKw=",
        "owner": "akirak",
        "repo": "org-reverse-datetree",
        "rev": "e5a84b19976ad3a2e1d85a69b9a8e43998183c51",
        "type": "github"
      },
      "original": {
        "owner": "akirak",
        "repo": "org-reverse-datetree",
        "type": "github"
      }
    },
    "root": {
      "inputs": {
        "buttercup": "buttercup",
        "compat": "compat",
        "consult": "consult",
        "dash": "dash",
        "doct": "doct",
        "embark": "embark",
        "org-reverse-datetree": "org-reverse-datetree",
        "s": "s",
        "ts": "ts"
      }
    },
    "s": {
      "flake": false,
      "locked": {
        "lastModified": 1681482914,
        "narHash": "sha256-fbF/SyPwEiJICaPBq0xWj2yLWjdNwkaLF2iYvZ2EO1k=",
        "owner": "magnars",
        "repo": "s.el",
        "rev": "dda84d38fffdaf0c9b12837b504b402af910d01d",
        "type": "github"
      },
      "original": {
        "owner": "magnars",
        "repo": "s.el",
        "type": "github"
      }
    },
    "ts": {
      "flake": false,
      "locked": {
        "lastModified": 1661210030,
        "narHash": "sha256-2UU1cPaB+hyEtk4rjwoC54BERcAup99aCrTZn0pwkaI=",
        "owner": "alphapapa",
        "repo": "ts.el",
        "rev": "552936017cfdec89f7fc20c254ae6b37c3f22c5b",
        "type": "github"
      },
      "original": {
        "owner": "alphapapa",
        "repo": "ts.el",
        "type": "github"
      }
    }
  },
  "root": "root",
  "version": 7
}
