{
  "nodes": {
    "buttercup": {
      "flake": false,
      "locked": {
        "lastModified": 1754006498,
        "narHash": "sha256-uDNLdTJfNYVFJq6oFH/QqLWEvomrtID60QtFXvLUyCY=",
        "owner": "jorgenschaefer",
        "repo": "emacs-buttercup",
        "rev": "cc5a2ab7c7f18aaaf525fac61fe59bae5ad018dd",
        "type": "github"
      },
      "original": {
        "owner": "jorgenschaefer",
        "repo": "emacs-buttercup",
        "type": "github"
      }
    },
    "compat": {
      "flake": false,
      "locked": {
        "lastModified": 1750343338,
        "narHash": "sha256-pLb+dt/PPvKZi4sRN9/EPrKvEC1felBk9jJoXKq4fxI=",
        "owner": "emacs-compat",
        "repo": "compat",
        "rev": "cccd41f549fa88031a32deb26253b462021d7e12",
        "type": "github"
      },
      "original": {
        "owner": "emacs-compat",
        "repo": "compat",
        "type": "github"
      }
    },
    "consult": {
      "flake": false,
      "locked": {
        "lastModified": 1755281932,
        "narHash": "sha256-XXiR6pRFmlrLqbC0l8o7XuoDso7nBdqE4ICmQyTbaOc=",
        "owner": "minad",
        "repo": "consult",
        "rev": "48920075058421dde0592c7702ed84e9fa2ffb5d",
        "type": "github"
      },
      "original": {
        "owner": "minad",
        "repo": "consult",
        "type": "github"
      }
    },
    "dash": {
      "flake": false,
      "locked": {
        "lastModified": 1755165091,
        "narHash": "sha256-X1ugYAPFgoQoD6teyvGoqcfEau6Jp2akci2fAMgYkS0=",
        "owner": "magnars",
        "repo": "dash.el",
        "rev": "af5ea5d8a13735fa27d2c3e6f756d065639a7b45",
        "type": "github"
      },
      "original": {
        "owner": "magnars",
        "repo": "dash.el",
        "type": "github"
      }
    },
    "doct": {
      "flake": false,
      "locked": {
        "lastModified": 1687459650,
        "narHash": "sha256-csuDGwrNL7I651rdwa7dtE7DlpXhnmyZvmVpA1U+cmQ=",
        "owner": "progfolio",
        "repo": "doct",
        "rev": "5cab660dab653ad88c07b0493360252f6ed1d898",
        "type": "github"
      },
      "original": {
        "owner": "progfolio",
        "repo": "doct",
        "type": "github"
      }
    },
    "embark": {
      "flake": false,
      "locked": {
        "lastModified": 1754425897,
        "narHash": "sha256-pp3LpuCWBhZSjXRYbJ7wsOusFGacKsEBuXbnnjaMkZk=",
        "owner": "oantolin",
        "repo": "embark",
        "rev": "4f3ac585cd87affc1d208ea6f0fbb9798b88c1bb",
        "type": "github"
      },
      "original": {
        "owner": "oantolin",
        "repo": "embark",
        "type": "github"
      }
    },
    "org-reverse-datetree": {
      "flake": false,
      "locked": {
        "lastModified": 1747126118,
        "narHash": "sha256-HnaqDAVJ/SVveuIVCNneW33QOYj3VmIuFuPLIa2CO0I=",
        "owner": "akirak",
        "repo": "org-reverse-datetree",
        "rev": "8466a3566292cf17e70e6ab4e7fb9e1b48831586",
        "type": "github"
      },
      "original": {
        "owner": "akirak",
        "repo": "org-reverse-datetree",
        "type": "github"
      }
    },
    "root": {
      "inputs": {
        "buttercup": "buttercup",
        "compat": "compat",
        "consult": "consult",
        "dash": "dash",
        "doct": "doct",
        "embark": "embark",
        "org-reverse-datetree": "org-reverse-datetree",
        "s": "s",
        "ts": "ts"
      }
    },
    "s": {
      "flake": false,
      "locked": {
        "lastModified": 1681482914,
        "narHash": "sha256-fbF/SyPwEiJICaPBq0xWj2yLWjdNwkaLF2iYvZ2EO1k=",
        "owner": "magnars",
        "repo": "s.el",
        "rev": "dda84d38fffdaf0c9b12837b504b402af910d01d",
        "type": "github"
      },
      "original": {
        "owner": "magnars",
        "repo": "s.el",
        "type": "github"
      }
    },
    "ts": {
      "flake": false,
      "locked": {
        "lastModified": 1661210030,
        "narHash": "sha256-2UU1cPaB+hyEtk4rjwoC54BERcAup99aCrTZn0pwkaI=",
        "owner": "alphapapa",
        "repo": "ts.el",
        "rev": "552936017cfdec89f7fc20c254ae6b37c3f22c5b",
        "type": "github"
      },
      "original": {
        "owner": "alphapapa",
        "repo": "ts.el",
        "type": "github"
      }
    }
  },
  "root": "root",
  "version": 7
}
