{
  "nodes": {
    "buttercup": {
      "flake": false,
      "locked": {
        "lastModified": 1739747704,
        "narHash": "sha256-fhLbW7nwA1Yy4a9J7MvsCXBuQNOYd6IzVdl65CsNfD4=",
        "owner": "jorgenschaefer",
        "repo": "emacs-buttercup",
        "rev": "c467c659b2c5b7029e20909331e072d7301af1d5",
        "type": "github"
      },
      "original": {
        "owner": "jorgenschaefer",
        "repo": "emacs-buttercup",
        "type": "github"
      }
    },
    "compat": {
      "flake": false,
      "locked": {
        "lastModified": 1750343338,
        "narHash": "sha256-pLb+dt/PPvKZi4sRN9/EPrKvEC1felBk9jJoXKq4fxI=",
        "owner": "emacs-compat",
        "repo": "compat",
        "rev": "cccd41f549fa88031a32deb26253b462021d7e12",
        "type": "github"
      },
      "original": {
        "owner": "emacs-compat",
        "repo": "compat",
        "type": "github"
      }
    },
    "consult": {
      "flake": false,
      "locked": {
        "lastModified": 1750159531,
        "narHash": "sha256-+DXH5CV6zFZ3Den+JzWd9qv2R8qsIcI9Wo4yHBKJgIQ=",
        "owner": "minad",
        "repo": "consult",
        "rev": "b1b7abf5811b568d93d2f131804d890a9e2c3334",
        "type": "github"
      },
      "original": {
        "owner": "minad",
        "repo": "consult",
        "type": "github"
      }
    },
    "dash": {
      "flake": false,
      "locked": {
        "lastModified": 1741784833,
        "narHash": "sha256-1TxfU88Ouc9Tx+ouzLxTKNpS/HjJPOsFobyZuIJxUyQ=",
        "owner": "magnars",
        "repo": "dash.el",
        "rev": "fcb5d831fc08a43f984242c7509870f30983c27c",
        "type": "github"
      },
      "original": {
        "owner": "magnars",
        "repo": "dash.el",
        "type": "github"
      }
    },
    "doct": {
      "flake": false,
      "locked": {
        "lastModified": 1687459650,
        "narHash": "sha256-csuDGwrNL7I651rdwa7dtE7DlpXhnmyZvmVpA1U+cmQ=",
        "owner": "progfolio",
        "repo": "doct",
        "rev": "5cab660dab653ad88c07b0493360252f6ed1d898",
        "type": "github"
      },
      "original": {
        "owner": "progfolio",
        "repo": "doct",
        "type": "github"
      }
    },
    "embark": {
      "flake": false,
      "locked": {
        "lastModified": 1750572100,
        "narHash": "sha256-TnQFdo2ECjFvmkRm9QrxHaLeYxEPkcBkEiQg3yQnAh8=",
        "owner": "oantolin",
        "repo": "embark",
        "rev": "e1bec660d10974b80a74b9e3dbf95899dccdaeac",
        "type": "github"
      },
      "original": {
        "owner": "oantolin",
        "repo": "embark",
        "type": "github"
      }
    },
    "org-reverse-datetree": {
      "flake": false,
      "locked": {
        "lastModified": 1747126118,
        "narHash": "sha256-HnaqDAVJ/SVveuIVCNneW33QOYj3VmIuFuPLIa2CO0I=",
        "owner": "akirak",
        "repo": "org-reverse-datetree",
        "rev": "8466a3566292cf17e70e6ab4e7fb9e1b48831586",
        "type": "github"
      },
      "original": {
        "owner": "akirak",
        "repo": "org-reverse-datetree",
        "type": "github"
      }
    },
    "root": {
      "inputs": {
        "buttercup": "buttercup",
        "compat": "compat",
        "consult": "consult",
        "dash": "dash",
        "doct": "doct",
        "embark": "embark",
        "org-reverse-datetree": "org-reverse-datetree",
        "s": "s",
        "ts": "ts"
      }
    },
    "s": {
      "flake": false,
      "locked": {
        "lastModified": 1681482914,
        "narHash": "sha256-fbF/SyPwEiJICaPBq0xWj2yLWjdNwkaLF2iYvZ2EO1k=",
        "owner": "magnars",
        "repo": "s.el",
        "rev": "dda84d38fffdaf0c9b12837b504b402af910d01d",
        "type": "github"
      },
      "original": {
        "owner": "magnars",
        "repo": "s.el",
        "type": "github"
      }
    },
    "ts": {
      "flake": false,
      "locked": {
        "lastModified": 1661210030,
        "narHash": "sha256-2UU1cPaB+hyEtk4rjwoC54BERcAup99aCrTZn0pwkaI=",
        "owner": "alphapapa",
        "repo": "ts.el",
        "rev": "552936017cfdec89f7fc20c254ae6b37c3f22c5b",
        "type": "github"
      },
      "original": {
        "owner": "alphapapa",
        "repo": "ts.el",
        "type": "github"
      }
    }
  },
  "root": "root",
  "version": 7
}
