{
  "nodes": {
    "elisp-helpers": {
      "flake": false,
      "locked": {
        "lastModified": 1678600653,
        "narHash": "sha256-WjBiXeK5rIHeRMCH+/Caww6ut9kZzlqdaEpJEb0wIp8=",
        "owner": "emacs-twist",
        "repo": "elisp-helpers",
        "rev": "361e7d18aac6e2c2c53beab4cc2fc043fb8a7b3c",
        "type": "github"
      },
      "original": {
        "owner": "emacs-twist",
        "repo": "elisp-helpers",
        "type": "github"
      }
    },
    "emacs": {
      "flake": false,
      "locked": {
        "lastModified": 1683335128,
        "narHash": "sha256-wvGB5DORWU6zEFp5ofy7FAuzRv/uC8tRUy1M8AL+LIE=",
        "owner": "emacs-mirror",
        "repo": "emacs",
        "rev": "f261226d9be4630572df322b2c4f48713c9c2fce",
        "type": "github"
      },
      "original": {
        "owner": "emacs-mirror",
        "repo": "emacs",
        "type": "github"
      }
    },
    "emacs-ci": {
      "flake": false,
      "locked": {
        "lastModified": 1683019321,
        "narHash": "sha256-0r0ddOEKvkUhgxZUfjzi+q2aJYmBuHBmhDageOcfXl4=",
        "owner": "purcell",
        "repo": "nix-emacs-ci",
        "rev": "762dbb4cd1d08d245b882fc26d30b9cb4b9c90af",
        "type": "github"
      },
      "original": {
        "owner": "purcell",
        "repo": "nix-emacs-ci",
        "type": "github"
      }
    },
    "epkgs": {
      "flake": false,
      "locked": {
        "lastModified": 1682962320,
        "narHash": "sha256-mgjBVmIUd4jBfd2uv6AoApbivlWvmWZX43U7vlaXZrU=",
        "owner": "emacsmirror",
        "repo": "epkgs",
        "rev": "6df77ebfe3518319f774e77ec4eb158ab4392aa4",
        "type": "github"
      },
      "original": {
        "owner": "emacsmirror",
        "repo": "epkgs",
        "type": "github"
      }
    },
    "flake-utils": {
      "inputs": {
        "systems": "systems"
      },
      "locked": {
        "lastModified": 1681202837,
        "narHash": "sha256-H+Rh19JDwRtpVPAWp64F+rlEtxUWBAQW28eAi3SRSzg=",
        "owner": "numtide",
        "repo": "flake-utils",
        "rev": "cfacdce06f30d2b68473a46042957675eebb3401",
        "type": "github"
      },
      "original": {
        "owner": "numtide",
        "repo": "flake-utils",
        "type": "github"
      }
    },
    "gitignore": {
      "inputs": {
        "nixpkgs": [
          "nomake",
          "nixpkgs"
        ]
      },
      "locked": {
        "lastModified": 1660459072,
        "narHash": "sha256-8DFJjXG8zqoONA1vXtgeKXy68KdJL5UaXR8NtVMUbx8=",
        "owner": "hercules-ci",
        "repo": "gitignore.nix",
        "rev": "a20de23b925fd8264fd7fad6454652e142fd7f73",
        "type": "github"
      },
      "original": {
        "owner": "hercules-ci",
        "repo": "gitignore.nix",
        "type": "github"
      }
    },
    "gnu-elpa": {
      "flake": false,
      "locked": {
        "lastModified": 1671001752,
        "narHash": "sha256-plUPkS9XYLhBPuwko/w3P2YvQoYCEwBal7JSUrQg0KQ=",
        "ref": "main",
        "rev": "760f50cc3cb41a15341633506c4bc8d3b98ace33",
        "revCount": 475,
        "type": "git",
        "url": "https://git.savannah.gnu.org/git/emacs/elpa.git"
      },
      "original": {
        "ref": "main",
        "type": "git",
        "url": "https://git.savannah.gnu.org/git/emacs/elpa.git"
      }
    },
    "melpa": {
      "flake": false,
      "locked": {
        "lastModified": 1670592102,
        "narHash": "sha256-/1H8TqhHE881Ks10fmj7WDR4wzAqIsJfye5y+P9Mjh0=",
        "owner": "akirak",
        "repo": "melpa",
        "rev": "79dcc246d287017d914c2da87f631eae90c6bf04",
        "type": "github"
      },
      "original": {
        "owner": "akirak",
        "ref": "akirak",
        "repo": "melpa",
        "type": "github"
      }
    },
    "nixpkgs": {
      "locked": {
        "lastModified": 1683267615,
        "narHash": "sha256-A/zAy9YauwdPut90h6cYC1zgP/WmuW9zmJ+K/c5i6uc=",
        "owner": "NixOS",
        "repo": "nixpkgs",
        "rev": "0b6445b611472740f02eae9015150c07c5373340",
        "type": "github"
      },
      "original": {
        "id": "nixpkgs",
        "type": "indirect"
      }
    },
    "nomake": {
      "inputs": {
        "emacs": "emacs",
        "emacs-ci": "emacs-ci",
        "epkgs": "epkgs",
        "flake-utils": "flake-utils",
        "gitignore": "gitignore",
        "gnu-elpa": [
          "gnu-elpa"
        ],
        "melpa": [
          "melpa"
        ],
        "nixpkgs": "nixpkgs",
        "package-lint": "package-lint",
        "twist": "twist"
      },
      "locked": {
        "lastModified": 1678957106,
        "narHash": "sha256-xmYDBKvCsMo5VdT//6PWw6jXNgdf38SEUULJKKCKAJ4=",
        "owner": "emacs-twist",
        "repo": "nomake",
        "rev": "d70290365578a52acc808dbbab42a5192f95f0e3",
        "type": "github"
      },
      "original": {
        "owner": "emacs-twist",
        "repo": "nomake",
        "type": "github"
      }
    },
    "package-lint": {
      "flake": false,
      "locked": {
        "lastModified": 1678879352,
        "narHash": "sha256-7W2z0yZfWzPUYsKmzy6KT2YJIkCn7xxa5gSJi9acqVY=",
        "owner": "purcell",
        "repo": "package-lint",
        "rev": "8f7c46d204c9ebe99e3843934be726fa3a3e5190",
        "type": "github"
      },
      "original": {
        "owner": "purcell",
        "repo": "package-lint",
        "type": "github"
      }
    },
    "root": {
      "inputs": {
        "gnu-elpa": "gnu-elpa",
        "melpa": "melpa",
        "nomake": "nomake"
      }
    },
    "systems": {
      "locked": {
        "lastModified": 1681028828,
        "narHash": "sha256-Vy1rq5AaRuLzOxct8nz4T6wlgyUR7zLU309k9mBC768=",
        "owner": "nix-systems",
        "repo": "default",
        "rev": "da67096a3b9bf56a91d16901293e51ba5b49a27e",
        "type": "github"
      },
      "original": {
        "owner": "nix-systems",
        "repo": "default",
        "type": "github"
      }
    },
    "twist": {
      "inputs": {
        "elisp-helpers": "elisp-helpers"
      },
      "locked": {
        "lastModified": 1683114397,
        "narHash": "sha256-+JViKPTm6gxBtEti+i9T/vMOa17CbIVjyl7MbdkFYgs=",
        "owner": "emacs-twist",
        "repo": "twist.nix",
        "rev": "61093c8c94cf9f6e0f9cf199b20c30fd5356d0f9",
        "type": "github"
      },
      "original": {
        "owner": "emacs-twist",
        "repo": "twist.nix",
        "type": "github"
      }
    }
  },
  "root": "root",
  "version": 7
}
