{
  "nodes": {
    "compat": {
      "flake": false,
      "locked": {
        "lastModified": 1662132224,
        "narHash": "sha256-zWYjpJixxFCeYKr9Hzhb4gIhK+8ZZd+L1u3afeFaYR4=",
        "ref": "refs/heads/master",
        "rev": "e827a9f3e2ba585de8b07cd246534a15ec414a8b",
        "revCount": 415,
        "type": "git",
        "url": "https://git.sr.ht/~pkal/compat"
      },
      "original": {
        "type": "git",
        "url": "https://git.sr.ht/~pkal/compat"
      }
    },
    "consult": {
      "flake": false,
      "locked": {
        "lastModified": 1662059037,
        "narHash": "sha256-hCucesH3YZ0f3TfRUmM77l9FhLw1ZPhUIxNIk5YEJ7Q=",
        "owner": "minad",
        "repo": "consult",
        "rev": "ad6cceb95eaa72f996bb8f0ccd6054f626d35f3b",
        "type": "github"
      },
      "original": {
        "owner": "minad",
        "repo": "consult",
        "type": "github"
      }
    },
    "consult-org-dog": {
      "flake": false,
      "locked": {
        "lastModified": 1647501530,
        "narHash": "sha256-XO5ueLXE0C7yTSscl9o1vlDRbFxhM5wmfujemuUPQQM=",
        "owner": "akirak",
        "repo": "org-dog",
        "rev": "e055e94851b1eab7c5c0cc422aa1fe6a85287032",
        "type": "github"
      },
      "original": {
        "owner": "akirak",
        "repo": "org-dog",
        "type": "github"
      }
    },
    "dash": {
      "flake": false,
      "locked": {
        "lastModified": 1654716693,
        "narHash": "sha256-ggJV5lX2F5T4FajFX8h3hT7YPZ2F11HDDeV9va8bJVI=",
        "owner": "magnars",
        "repo": "dash.el",
        "rev": "0ac1ecf6b56eb67bb81a3cf70f8d4354b5782341",
        "type": "github"
      },
      "original": {
        "owner": "magnars",
        "repo": "dash.el",
        "type": "github"
      }
    },
    "doct": {
      "flake": false,
      "locked": {
        "lastModified": 1660279421,
        "narHash": "sha256-tFqae2yed8h4UvnVB4MptIiUaXyPPLAICQc9x1n6SA0=",
        "owner": "progfolio",
        "repo": "doct",
        "rev": "506c22f365b75f5423810c4933856802554df464",
        "type": "github"
      },
      "original": {
        "owner": "progfolio",
        "repo": "doct",
        "type": "github"
      }
    },
    "embark": {
      "flake": false,
      "locked": {
        "lastModified": 1656895047,
        "narHash": "sha256-7U94GRmUA+UdqvwSBSEGSwHSpfqaaiKghqg4P4gn85c=",
        "owner": "oantolin",
        "repo": "embark",
        "rev": "5d0459d27aa7cf738b5af36cf862723a62bef955",
        "type": "github"
      },
      "original": {
        "owner": "oantolin",
        "repo": "embark",
        "type": "github"
      }
    },
    "octopus": {
      "flake": false,
      "locked": {
        "lastModified": 1647501530,
        "narHash": "sha256-XO5ueLXE0C7yTSscl9o1vlDRbFxhM5wmfujemuUPQQM=",
        "owner": "akirak",
        "repo": "org-dog",
        "rev": "e055e94851b1eab7c5c0cc422aa1fe6a85287032",
        "type": "github"
      },
      "original": {
        "owner": "akirak",
        "repo": "org-dog",
        "type": "github"
      }
    },
    "org-dog": {
      "flake": false,
      "locked": {
        "lastModified": 1647501530,
        "narHash": "sha256-XO5ueLXE0C7yTSscl9o1vlDRbFxhM5wmfujemuUPQQM=",
        "owner": "akirak",
        "repo": "org-dog",
        "rev": "e055e94851b1eab7c5c0cc422aa1fe6a85287032",
        "type": "github"
      },
      "original": {
        "owner": "akirak",
        "repo": "org-dog",
        "type": "github"
      }
    },
    "org-dog-embark": {
      "flake": false,
      "locked": {
        "lastModified": 1647501530,
        "narHash": "sha256-XO5ueLXE0C7yTSscl9o1vlDRbFxhM5wmfujemuUPQQM=",
        "owner": "akirak",
        "repo": "org-dog",
        "rev": "e055e94851b1eab7c5c0cc422aa1fe6a85287032",
        "type": "github"
      },
      "original": {
        "owner": "akirak",
        "repo": "org-dog",
        "type": "github"
      }
    },
    "org-dog-facade": {
      "flake": false,
      "locked": {
        "lastModified": 1647501530,
        "narHash": "sha256-XO5ueLXE0C7yTSscl9o1vlDRbFxhM5wmfujemuUPQQM=",
        "owner": "akirak",
        "repo": "org-dog",
        "rev": "e055e94851b1eab7c5c0cc422aa1fe6a85287032",
        "type": "github"
      },
      "original": {
        "owner": "akirak",
        "repo": "org-dog",
        "type": "github"
      }
    },
    "org-reverse-datetree": {
      "flake": false,
      "locked": {
        "lastModified": 1661942221,
        "narHash": "sha256-N6QeNlQZz/c+iGmXlVY0FPHVt+loUCOahAJRj+k1pmw=",
        "owner": "akirak",
        "repo": "org-reverse-datetree",
        "rev": "9b14ffbbdf0c08f3ea15fd4825522f5cd856d9a7",
        "type": "github"
      },
      "original": {
        "owner": "akirak",
        "repo": "org-reverse-datetree",
        "type": "github"
      }
    },
    "root": {
      "inputs": {
        "compat": "compat",
        "consult": "consult",
        "consult-org-dog": "consult-org-dog",
        "dash": "dash",
        "doct": "doct",
        "embark": "embark",
        "octopus": "octopus",
        "org-dog": "org-dog",
        "org-dog-embark": "org-dog-embark",
        "org-dog-facade": "org-dog-facade",
        "org-reverse-datetree": "org-reverse-datetree",
        "s": "s",
        "ts": "ts"
      }
    },
    "s": {
      "flake": false,
      "locked": {
        "lastModified": 1662132008,
        "narHash": "sha256-rB+b9Z2KISHwYIgXm2g2EX/EUpA9NWDFfuzrj93dzAc=",
        "owner": "magnars",
        "repo": "s.el",
        "rev": "e957dcb0677da18b2bb60ad867db5df5c35b5616",
        "type": "github"
      },
      "original": {
        "owner": "magnars",
        "repo": "s.el",
        "type": "github"
      }
    },
    "ts": {
      "flake": false,
      "locked": {
        "lastModified": 1661210030,
        "narHash": "sha256-2UU1cPaB+hyEtk4rjwoC54BERcAup99aCrTZn0pwkaI=",
        "owner": "alphapapa",
        "repo": "ts.el",
        "rev": "552936017cfdec89f7fc20c254ae6b37c3f22c5b",
        "type": "github"
      },
      "original": {
        "owner": "alphapapa",
        "repo": "ts.el",
        "type": "github"
      }
    }
  },
  "root": "root",
  "version": 7
}
