{
  "nodes": {
    "buttercup": {
      "flake": false,
      "locked": {
        "lastModified": 1696540838,
        "narHash": "sha256-NvpVxRI+eQTZbYL5Q3zvrdjckGEFdam8ia54yG/0sdI=",
        "owner": "jorgenschaefer",
        "repo": "emacs-buttercup",
        "rev": "3780eb081913d1aeef2bc5950891a3fbe3b3771d",
        "type": "github"
      },
      "original": {
        "owner": "jorgenschaefer",
        "repo": "emacs-buttercup",
        "type": "github"
      }
    },
    "compat": {
      "flake": false,
      "locked": {
        "lastModified": 1699860021,
        "narHash": "sha256-Hhz/MXTrOmDCxZxrPEjTGoo5SOt1cGqA63WiT2z2X30=",
        "owner": "emacs-compat",
        "repo": "compat",
        "rev": "3809be4d24a301c78d40bd00fc15bb763e0a3a2a",
        "type": "github"
      },
      "original": {
        "owner": "emacs-compat",
        "repo": "compat",
        "type": "github"
      }
    },
    "consult": {
      "flake": false,
      "locked": {
        "lastModified": 1700169621,
        "narHash": "sha256-Gzl+eqyjvym+yrjIpPiuShT5MZU1jtduLlSlmkW2UZw=",
        "owner": "minad",
        "repo": "consult",
        "rev": "04c89250e7eb1bffd822bcfa57b6049af6da2ea6",
        "type": "github"
      },
      "original": {
        "owner": "minad",
        "repo": "consult",
        "type": "github"
      }
    },
    "consult-org-dog": {
      "flake": false,
      "locked": {
        "lastModified": 1700215314,
        "narHash": "sha256-1C3OnihnnyRZfBEPz02W0YXz1Xm4DgCf30i0rVJNsEI=",
        "owner": "akirak",
        "repo": "org-dog",
        "rev": "32032bc0c786e7e2e81f23d3301d1923485a1923",
        "type": "github"
      },
      "original": {
        "owner": "akirak",
        "repo": "org-dog",
        "type": "github"
      }
    },
    "dash": {
      "flake": false,
      "locked": {
        "lastModified": 1690893876,
        "narHash": "sha256-qZ81ARFpZSKW82q6JwLOC8Q/YX6fRALm4Z5+VeKQPJQ=",
        "owner": "magnars",
        "repo": "dash.el",
        "rev": "6db80c711ce947f6c6fa11e5c2257fff2c79d139",
        "type": "github"
      },
      "original": {
        "owner": "magnars",
        "repo": "dash.el",
        "type": "github"
      }
    },
    "doct": {
      "flake": false,
      "locked": {
        "lastModified": 1687459650,
        "narHash": "sha256-csuDGwrNL7I651rdwa7dtE7DlpXhnmyZvmVpA1U+cmQ=",
        "owner": "progfolio",
        "repo": "doct",
        "rev": "5cab660dab653ad88c07b0493360252f6ed1d898",
        "type": "github"
      },
      "original": {
        "owner": "progfolio",
        "repo": "doct",
        "type": "github"
      }
    },
    "embark": {
      "flake": false,
      "locked": {
        "lastModified": 1699789084,
        "narHash": "sha256-K+TmBPJaFO51c7O/oVJ8C1R2nOQHtPSIDaymg92tCKg=",
        "owner": "oantolin",
        "repo": "embark",
        "rev": "3f08fc8ede9dddad3752223e01643058594781b2",
        "type": "github"
      },
      "original": {
        "owner": "oantolin",
        "repo": "embark",
        "type": "github"
      }
    },
    "octopus": {
      "flake": false,
      "locked": {
        "lastModified": 1700215314,
        "narHash": "sha256-1C3OnihnnyRZfBEPz02W0YXz1Xm4DgCf30i0rVJNsEI=",
        "owner": "akirak",
        "repo": "org-dog",
        "rev": "32032bc0c786e7e2e81f23d3301d1923485a1923",
        "type": "github"
      },
      "original": {
        "owner": "akirak",
        "repo": "org-dog",
        "type": "github"
      }
    },
    "org-dog": {
      "flake": false,
      "locked": {
        "lastModified": 1700215314,
        "narHash": "sha256-1C3OnihnnyRZfBEPz02W0YXz1Xm4DgCf30i0rVJNsEI=",
        "owner": "akirak",
        "repo": "org-dog",
        "rev": "32032bc0c786e7e2e81f23d3301d1923485a1923",
        "type": "github"
      },
      "original": {
        "owner": "akirak",
        "repo": "org-dog",
        "type": "github"
      }
    },
    "org-dog-embark": {
      "flake": false,
      "locked": {
        "lastModified": 1700215314,
        "narHash": "sha256-1C3OnihnnyRZfBEPz02W0YXz1Xm4DgCf30i0rVJNsEI=",
        "owner": "akirak",
        "repo": "org-dog",
        "rev": "32032bc0c786e7e2e81f23d3301d1923485a1923",
        "type": "github"
      },
      "original": {
        "owner": "akirak",
        "repo": "org-dog",
        "type": "github"
      }
    },
    "org-dog-facade": {
      "flake": false,
      "locked": {
        "lastModified": 1700215314,
        "narHash": "sha256-1C3OnihnnyRZfBEPz02W0YXz1Xm4DgCf30i0rVJNsEI=",
        "owner": "akirak",
        "repo": "org-dog",
        "rev": "32032bc0c786e7e2e81f23d3301d1923485a1923",
        "type": "github"
      },
      "original": {
        "owner": "akirak",
        "repo": "org-dog",
        "type": "github"
      }
    },
    "org-reverse-datetree": {
      "flake": false,
      "locked": {
        "lastModified": 1693912185,
        "narHash": "sha256-lvZ+6Ra44wcEj1CMgEwjvCALNILjjuX0yW8lLZUOVJc=",
        "owner": "akirak",
        "repo": "org-reverse-datetree",
        "rev": "cd9a7b08ee17ce38cecd6485fd74ade58a2928fc",
        "type": "github"
      },
      "original": {
        "owner": "akirak",
        "repo": "org-reverse-datetree",
        "type": "github"
      }
    },
    "root": {
      "inputs": {
        "buttercup": "buttercup",
        "compat": "compat",
        "consult": "consult",
        "consult-org-dog": "consult-org-dog",
        "dash": "dash",
        "doct": "doct",
        "embark": "embark",
        "octopus": "octopus",
        "org-dog": "org-dog",
        "org-dog-embark": "org-dog-embark",
        "org-dog-facade": "org-dog-facade",
        "org-reverse-datetree": "org-reverse-datetree",
        "s": "s",
        "ts": "ts"
      }
    },
    "s": {
      "flake": false,
      "locked": {
        "lastModified": 1681482914,
        "narHash": "sha256-fbF/SyPwEiJICaPBq0xWj2yLWjdNwkaLF2iYvZ2EO1k=",
        "owner": "magnars",
        "repo": "s.el",
        "rev": "dda84d38fffdaf0c9b12837b504b402af910d01d",
        "type": "github"
      },
      "original": {
        "owner": "magnars",
        "repo": "s.el",
        "type": "github"
      }
    },
    "ts": {
      "flake": false,
      "locked": {
        "lastModified": 1661210030,
        "narHash": "sha256-2UU1cPaB+hyEtk4rjwoC54BERcAup99aCrTZn0pwkaI=",
        "owner": "alphapapa",
        "repo": "ts.el",
        "rev": "552936017cfdec89f7fc20c254ae6b37c3f22c5b",
        "type": "github"
      },
      "original": {
        "owner": "alphapapa",
        "repo": "ts.el",
        "type": "github"
      }
    }
  },
  "root": "root",
  "version": 7
}
