{
  "nodes": {
    "buttercup": {
      "flake": false,
      "locked": {
        "lastModified": 1670197165,
        "narHash": "sha256-KtA6lcI/Hfydl0C3kN65DsPeQpW36tcdlOkrE/lodXE=",
        "owner": "jorgenschaefer",
        "repo": "emacs-buttercup",
        "rev": "6372fd46b20cc807157071cb08ad263132ce7339",
        "type": "github"
      },
      "original": {
        "owner": "jorgenschaefer",
        "repo": "emacs-buttercup",
        "type": "github"
      }
    },
    "compat": {
      "flake": false,
      "locked": {
        "lastModified": 1669157406,
        "narHash": "sha256-gF67NJPKM+UtB1glp5mee8R0pSYbJpDr+U2ycC6DLe0=",
        "ref": "refs/heads/master",
        "rev": "1573aa2e6d478c30cc7f394b72cbaa4db77ef811",
        "revCount": 418,
        "type": "git",
        "url": "https://git.sr.ht/~pkal/compat"
      },
      "original": {
        "type": "git",
        "url": "https://git.sr.ht/~pkal/compat"
      }
    },
    "consult": {
      "flake": false,
      "locked": {
        "lastModified": 1670753943,
        "narHash": "sha256-acpNWql8xWUPrEafSfwPQWEnOJoQONFitysFh8VTaZY=",
        "owner": "minad",
        "repo": "consult",
        "rev": "b404039f567ce296823425b641b2348482a1750e",
        "type": "github"
      },
      "original": {
        "owner": "minad",
        "repo": "consult",
        "type": "github"
      }
    },
    "consult-org-dog": {
      "flake": false,
      "locked": {
        "lastModified": 1647501530,
        "narHash": "sha256-XO5ueLXE0C7yTSscl9o1vlDRbFxhM5wmfujemuUPQQM=",
        "owner": "akirak",
        "repo": "org-dog",
        "rev": "e055e94851b1eab7c5c0cc422aa1fe6a85287032",
        "type": "github"
      },
      "original": {
        "owner": "akirak",
        "repo": "org-dog",
        "type": "github"
      }
    },
    "dash": {
      "flake": false,
      "locked": {
        "lastModified": 1665650208,
        "narHash": "sha256-b0dAQPHOv0oZkmkV/0kHqSWwz45W1mWrx1Iv83/M6B0=",
        "owner": "magnars",
        "repo": "dash.el",
        "rev": "3df46d7d9fe74f52a661565888e4d31fd760f0df",
        "type": "github"
      },
      "original": {
        "owner": "magnars",
        "repo": "dash.el",
        "type": "github"
      }
    },
    "doct": {
      "flake": false,
      "locked": {
        "lastModified": 1660279421,
        "narHash": "sha256-tFqae2yed8h4UvnVB4MptIiUaXyPPLAICQc9x1n6SA0=",
        "owner": "progfolio",
        "repo": "doct",
        "rev": "506c22f365b75f5423810c4933856802554df464",
        "type": "github"
      },
      "original": {
        "owner": "progfolio",
        "repo": "doct",
        "type": "github"
      }
    },
    "embark": {
      "flake": false,
      "locked": {
        "lastModified": 1670959245,
        "narHash": "sha256-Q/R1lGREBaGjZ1B13unypXmkuOFs/doNPxHg4GMvZt4=",
        "owner": "oantolin",
        "repo": "embark",
        "rev": "34272d51c519d99e0e1be989382aca33ae7bc662",
        "type": "github"
      },
      "original": {
        "owner": "oantolin",
        "repo": "embark",
        "type": "github"
      }
    },
    "octopus": {
      "flake": false,
      "locked": {
        "lastModified": 1647501530,
        "narHash": "sha256-XO5ueLXE0C7yTSscl9o1vlDRbFxhM5wmfujemuUPQQM=",
        "owner": "akirak",
        "repo": "org-dog",
        "rev": "e055e94851b1eab7c5c0cc422aa1fe6a85287032",
        "type": "github"
      },
      "original": {
        "owner": "akirak",
        "repo": "org-dog",
        "type": "github"
      }
    },
    "org-dog": {
      "flake": false,
      "locked": {
        "lastModified": 1647501530,
        "narHash": "sha256-XO5ueLXE0C7yTSscl9o1vlDRbFxhM5wmfujemuUPQQM=",
        "owner": "akirak",
        "repo": "org-dog",
        "rev": "e055e94851b1eab7c5c0cc422aa1fe6a85287032",
        "type": "github"
      },
      "original": {
        "owner": "akirak",
        "repo": "org-dog",
        "type": "github"
      }
    },
    "org-dog-embark": {
      "flake": false,
      "locked": {
        "lastModified": 1647501530,
        "narHash": "sha256-XO5ueLXE0C7yTSscl9o1vlDRbFxhM5wmfujemuUPQQM=",
        "owner": "akirak",
        "repo": "org-dog",
        "rev": "e055e94851b1eab7c5c0cc422aa1fe6a85287032",
        "type": "github"
      },
      "original": {
        "owner": "akirak",
        "repo": "org-dog",
        "type": "github"
      }
    },
    "org-dog-facade": {
      "flake": false,
      "locked": {
        "lastModified": 1647501530,
        "narHash": "sha256-XO5ueLXE0C7yTSscl9o1vlDRbFxhM5wmfujemuUPQQM=",
        "owner": "akirak",
        "repo": "org-dog",
        "rev": "e055e94851b1eab7c5c0cc422aa1fe6a85287032",
        "type": "github"
      },
      "original": {
        "owner": "akirak",
        "repo": "org-dog",
        "type": "github"
      }
    },
    "org-reverse-datetree": {
      "flake": false,
      "locked": {
        "lastModified": 1670036346,
        "narHash": "sha256-+TMcU2tKhGTZfBc2q7hlTiET1yzAsAFoyWxV3ZysXpY=",
        "owner": "akirak",
        "repo": "org-reverse-datetree",
        "rev": "fca95cd22ed29653f3217034c71ec0ab0a7c7734",
        "type": "github"
      },
      "original": {
        "owner": "akirak",
        "repo": "org-reverse-datetree",
        "type": "github"
      }
    },
    "root": {
      "inputs": {
        "buttercup": "buttercup",
        "compat": "compat",
        "consult": "consult",
        "consult-org-dog": "consult-org-dog",
        "dash": "dash",
        "doct": "doct",
        "embark": "embark",
        "octopus": "octopus",
        "org-dog": "org-dog",
        "org-dog-embark": "org-dog-embark",
        "org-dog-facade": "org-dog-facade",
        "org-reverse-datetree": "org-reverse-datetree",
        "s": "s",
        "ts": "ts"
      }
    },
    "s": {
      "flake": false,
      "locked": {
        "lastModified": 1662132008,
        "narHash": "sha256-rB+b9Z2KISHwYIgXm2g2EX/EUpA9NWDFfuzrj93dzAc=",
        "owner": "magnars",
        "repo": "s.el",
        "rev": "e957dcb0677da18b2bb60ad867db5df5c35b5616",
        "type": "github"
      },
      "original": {
        "owner": "magnars",
        "repo": "s.el",
        "type": "github"
      }
    },
    "ts": {
      "flake": false,
      "locked": {
        "lastModified": 1661210030,
        "narHash": "sha256-2UU1cPaB+hyEtk4rjwoC54BERcAup99aCrTZn0pwkaI=",
        "owner": "alphapapa",
        "repo": "ts.el",
        "rev": "552936017cfdec89f7fc20c254ae6b37c3f22c5b",
        "type": "github"
      },
      "original": {
        "owner": "alphapapa",
        "repo": "ts.el",
        "type": "github"
      }
    }
  },
  "root": "root",
  "version": 7
}
